
Microsoft Visual Studio Solution File, Format Version 12.00
# Visual Studio Version 16
VisualStudioVersion = 16.0.30503.244
MinimumVisualStudioVersion = 10.0.40219.1
Project("{FAE04EC0-301F-11D3-BF4B-00C04F79EFBC}") = "Boolean", "Boolean\Boolean.csproj", "{F631BAEF-6816-4816-AF85-A8D2A5D18C25}"
EndProject
Global
	GlobalSection(SolutionConfigurationPlatforms) = preSolution
		Debug|Any CPU = Debug|Any CPU
		Release|Any CPU = Release|Any CPU
	EndGlobalSection
	GlobalSection(ProjectConfigurationPlatforms) = postSolution
		{F631BAEF-6816-4816-AF85-A8D2A5D18C25}.Debug|Any CPU.ActiveCfg = Debug|Any CPU
		{F631BAEF-6816-4816-AF85-A8D2A5D18C25}.Debug|Any CPU.Build.0 = Debug|Any CPU
		{F631BAEF-6816-4816-AF85-A8D2A5D18C25}.Release|Any CPU.ActiveCfg = Release|Any CPU
		{F631BAEF-6816-4816-AF85-A8D2A5D18C25}.Release|Any CPU.Build.0 = Release|Any CPU
	EndGlobalSection
	GlobalSection(SolutionProperties) = preSolution
		HideSolutionNode = FALSE
	EndGlobalSection
	GlobalSection(ExtensibilityGlobals) = postSolution
		SolutionGuid = {63F08B9F-2EA6-4F36-B10D-E8DECECB8D39}
	EndGlobalSection
EndGlobal
