
Microsoft Visual Studio Solution File, Format Version 12.00
# Visual Studio Version 16
VisualStudioVersion = 16.0.30503.244
MinimumVisualStudioVersion = 10.0.40219.1
Project("{FAE04EC0-301F-11D3-BF4B-00C04F79EFBC}") = "Abstract", "Abstract\Abstract.csproj", "{90E81238-6574-490C-9530-D43E1DCFDE8C}"
EndProject
Global
	GlobalSection(SolutionConfigurationPlatforms) = preSolution
		Debug|Any CPU = Debug|Any CPU
		Release|Any CPU = Release|Any CPU
	EndGlobalSection
	GlobalSection(ProjectConfigurationPlatforms) = postSolution
		{90E81238-6574-490C-9530-D43E1DCFDE8C}.Debug|Any CPU.ActiveCfg = Debug|Any CPU
		{90E81238-6574-490C-9530-D43E1DCFDE8C}.Debug|Any CPU.Build.0 = Debug|Any CPU
		{90E81238-6574-490C-9530-D43E1DCFDE8C}.Release|Any CPU.ActiveCfg = Release|Any CPU
		{90E81238-6574-490C-9530-D43E1DCFDE8C}.Release|Any CPU.Build.0 = Release|Any CPU
	EndGlobalSection
	GlobalSection(SolutionProperties) = preSolution
		HideSolutionNode = FALSE
	EndGlobalSection
	GlobalSection(ExtensibilityGlobals) = postSolution
		SolutionGuid = {A696BA14-D899-4A1C-AC73-5D8A25E19166}
	EndGlobalSection
EndGlobal
