
Microsoft Visual Studio Solution File, Format Version 12.00
# Visual Studio Version 16
VisualStudioVersion = 16.0.30503.244
MinimumVisualStudioVersion = 10.0.40219.1
Project("{FAE04EC0-301F-11D3-BF4B-00C04F79EFBC}") = "String", "String\String.csproj", "{E9ADBF4D-477B-418B-A28A-DD23A3FE890B}"
EndProject
Global
	GlobalSection(SolutionConfigurationPlatforms) = preSolution
		Debug|Any CPU = Debug|Any CPU
		Release|Any CPU = Release|Any CPU
	EndGlobalSection
	GlobalSection(ProjectConfigurationPlatforms) = postSolution
		{E9ADBF4D-477B-418B-A28A-DD23A3FE890B}.Debug|Any CPU.ActiveCfg = Debug|Any CPU
		{E9ADBF4D-477B-418B-A28A-DD23A3FE890B}.Debug|Any CPU.Build.0 = Debug|Any CPU
		{E9ADBF4D-477B-418B-A28A-DD23A3FE890B}.Release|Any CPU.ActiveCfg = Release|Any CPU
		{E9ADBF4D-477B-418B-A28A-DD23A3FE890B}.Release|Any CPU.Build.0 = Release|Any CPU
	EndGlobalSection
	GlobalSection(SolutionProperties) = preSolution
		HideSolutionNode = FALSE
	EndGlobalSection
	GlobalSection(ExtensibilityGlobals) = postSolution
		SolutionGuid = {7EB0F7E7-D352-47DE-B25E-5D608FEF8AB4}
	EndGlobalSection
EndGlobal
