
Microsoft Visual Studio Solution File, Format Version 12.00
# Visual Studio Version 16
VisualStudioVersion = 16.0.30503.244
MinimumVisualStudioVersion = 10.0.40219.1
Project("{FAE04EC0-301F-11D3-BF4B-00C04F79EFBC}") = "OOP", "OOP\OOP.csproj", "{559F922B-3787-4183-86E0-56E522E9B48D}"
EndProject
Global
	GlobalSection(SolutionConfigurationPlatforms) = preSolution
		Debug|Any CPU = Debug|Any CPU
		Release|Any CPU = Release|Any CPU
	EndGlobalSection
	GlobalSection(ProjectConfigurationPlatforms) = postSolution
		{559F922B-3787-4183-86E0-56E522E9B48D}.Debug|Any CPU.ActiveCfg = Debug|Any CPU
		{559F922B-3787-4183-86E0-56E522E9B48D}.Debug|Any CPU.Build.0 = Debug|Any CPU
		{559F922B-3787-4183-86E0-56E522E9B48D}.Release|Any CPU.ActiveCfg = Release|Any CPU
		{559F922B-3787-4183-86E0-56E522E9B48D}.Release|Any CPU.Build.0 = Release|Any CPU
	EndGlobalSection
	GlobalSection(SolutionProperties) = preSolution
		HideSolutionNode = FALSE
	EndGlobalSection
	GlobalSection(ExtensibilityGlobals) = postSolution
		SolutionGuid = {535033AF-CBF0-4A6A-851E-DAC1A88C7835}
	EndGlobalSection
EndGlobal
