
Microsoft Visual Studio Solution File, Format Version 12.00
# Visual Studio Version 16
VisualStudioVersion = 16.0.30503.244
MinimumVisualStudioVersion = 10.0.40219.1
Project("{FAE04EC0-301F-11D3-BF4B-00C04F79EFBC}") = "Types_Casting", "Types_Casting\Types_Casting.csproj", "{4149CE77-BEFE-4873-BDBD-7BBE2B7EF3AB}"
EndProject
Global
	GlobalSection(SolutionConfigurationPlatforms) = preSolution
		Debug|Any CPU = Debug|Any CPU
		Release|Any CPU = Release|Any CPU
	EndGlobalSection
	GlobalSection(ProjectConfigurationPlatforms) = postSolution
		{4149CE77-BEFE-4873-BDBD-7BBE2B7EF3AB}.Debug|Any CPU.ActiveCfg = Debug|Any CPU
		{4149CE77-BEFE-4873-BDBD-7BBE2B7EF3AB}.Debug|Any CPU.Build.0 = Debug|Any CPU
		{4149CE77-BEFE-4873-BDBD-7BBE2B7EF3AB}.Release|Any CPU.ActiveCfg = Release|Any CPU
		{4149CE77-BEFE-4873-BDBD-7BBE2B7EF3AB}.Release|Any CPU.Build.0 = Release|Any CPU
	EndGlobalSection
	GlobalSection(SolutionProperties) = preSolution
		HideSolutionNode = FALSE
	EndGlobalSection
	GlobalSection(ExtensibilityGlobals) = postSolution
		SolutionGuid = {2E4A7AA5-57A6-4B75-B2CF-3427E580F97F}
	EndGlobalSection
EndGlobal
