
Microsoft Visual Studio Solution File, Format Version 12.00
# Visual Studio Version 16
VisualStudioVersion = 16.0.30503.244
MinimumVisualStudioVersion = 10.0.40219.1
Project("{FAE04EC0-301F-11D3-BF4B-00C04F79EFBC}") = "Switch", "Switch\Switch.csproj", "{892A807E-C406-40BB-B718-FC70AEAEDE8C}"
EndProject
Global
	GlobalSection(SolutionConfigurationPlatforms) = preSolution
		Debug|Any CPU = Debug|Any CPU
		Release|Any CPU = Release|Any CPU
	EndGlobalSection
	GlobalSection(ProjectConfigurationPlatforms) = postSolution
		{892A807E-C406-40BB-B718-FC70AEAEDE8C}.Debug|Any CPU.ActiveCfg = Debug|Any CPU
		{892A807E-C406-40BB-B718-FC70AEAEDE8C}.Debug|Any CPU.Build.0 = Debug|Any CPU
		{892A807E-C406-40BB-B718-FC70AEAEDE8C}.Release|Any CPU.ActiveCfg = Release|Any CPU
		{892A807E-C406-40BB-B718-FC70AEAEDE8C}.Release|Any CPU.Build.0 = Release|Any CPU
	EndGlobalSection
	GlobalSection(SolutionProperties) = preSolution
		HideSolutionNode = FALSE
	EndGlobalSection
	GlobalSection(ExtensibilityGlobals) = postSolution
		SolutionGuid = {5FBB7E15-2BE3-4902-B672-FC970357F2BB}
	EndGlobalSection
EndGlobal
