
Microsoft Visual Studio Solution File, Format Version 12.00
# Visual Studio Version 16
VisualStudioVersion = 16.0.30503.244
MinimumVisualStudioVersion = 10.0.40219.1
Project("{FAE04EC0-301F-11D3-BF4B-00C04F79EFBC}") = "Syntax", "Syntax\Syntax.csproj", "{9962A3E5-BEC6-4B19-9F52-50207DA3B4CD}"
EndProject
Global
	GlobalSection(SolutionConfigurationPlatforms) = preSolution
		Debug|Any CPU = Debug|Any CPU
		Release|Any CPU = Release|Any CPU
	EndGlobalSection
	GlobalSection(ProjectConfigurationPlatforms) = postSolution
		{9962A3E5-BEC6-4B19-9F52-50207DA3B4CD}.Debug|Any CPU.ActiveCfg = Debug|Any CPU
		{9962A3E5-BEC6-4B19-9F52-50207DA3B4CD}.Debug|Any CPU.Build.0 = Debug|Any CPU
		{9962A3E5-BEC6-4B19-9F52-50207DA3B4CD}.Release|Any CPU.ActiveCfg = Release|Any CPU
		{9962A3E5-BEC6-4B19-9F52-50207DA3B4CD}.Release|Any CPU.Build.0 = Release|Any CPU
	EndGlobalSection
	GlobalSection(SolutionProperties) = preSolution
		HideSolutionNode = FALSE
	EndGlobalSection
	GlobalSection(ExtensibilityGlobals) = postSolution
		SolutionGuid = {7AAD86D3-472E-4037-97DB-7868FF45763D}
	EndGlobalSection
EndGlobal
