
Microsoft Visual Studio Solution File, Format Version 12.00
# Visual Studio Version 16
VisualStudioVersion = 16.0.30503.244
MinimumVisualStudioVersion = 10.0.40219.1
Project("{FAE04EC0-301F-11D3-BF4B-00C04F79EFBC}") = "Method", "Method\Method.csproj", "{E98B90F3-AECA-4378-8356-057A6A678F3F}"
EndProject
Global
	GlobalSection(SolutionConfigurationPlatforms) = preSolution
		Debug|Any CPU = Debug|Any CPU
		Release|Any CPU = Release|Any CPU
	EndGlobalSection
	GlobalSection(ProjectConfigurationPlatforms) = postSolution
		{E98B90F3-AECA-4378-8356-057A6A678F3F}.Debug|Any CPU.ActiveCfg = Debug|Any CPU
		{E98B90F3-AECA-4378-8356-057A6A678F3F}.Debug|Any CPU.Build.0 = Debug|Any CPU
		{E98B90F3-AECA-4378-8356-057A6A678F3F}.Release|Any CPU.ActiveCfg = Release|Any CPU
		{E98B90F3-AECA-4378-8356-057A6A678F3F}.Release|Any CPU.Build.0 = Release|Any CPU
	EndGlobalSection
	GlobalSection(SolutionProperties) = preSolution
		HideSolutionNode = FALSE
	EndGlobalSection
	GlobalSection(ExtensibilityGlobals) = postSolution
		SolutionGuid = {43223FB8-52FF-4100-B94F-9F42FA5F0BC2}
	EndGlobalSection
EndGlobal
