
Microsoft Visual Studio Solution File, Format Version 12.00
# Visual Studio Version 16
VisualStudioVersion = 16.0.30503.244
MinimumVisualStudioVersion = 10.0.40219.1
Project("{FAE04EC0-301F-11D3-BF4B-00C04F79EFBC}") = "Operators", "Operators\Operators.csproj", "{CC0698E3-5093-4E97-97D8-28ACEEFEEC40}"
EndProject
Global
	GlobalSection(SolutionConfigurationPlatforms) = preSolution
		Debug|Any CPU = Debug|Any CPU
		Release|Any CPU = Release|Any CPU
	EndGlobalSection
	GlobalSection(ProjectConfigurationPlatforms) = postSolution
		{CC0698E3-5093-4E97-97D8-28ACEEFEEC40}.Debug|Any CPU.ActiveCfg = Debug|Any CPU
		{CC0698E3-5093-4E97-97D8-28ACEEFEEC40}.Debug|Any CPU.Build.0 = Debug|Any CPU
		{CC0698E3-5093-4E97-97D8-28ACEEFEEC40}.Release|Any CPU.ActiveCfg = Release|Any CPU
		{CC0698E3-5093-4E97-97D8-28ACEEFEEC40}.Release|Any CPU.Build.0 = Release|Any CPU
	EndGlobalSection
	GlobalSection(SolutionProperties) = preSolution
		HideSolutionNode = FALSE
	EndGlobalSection
	GlobalSection(ExtensibilityGlobals) = postSolution
		SolutionGuid = {34AA6997-3B83-468D-AF03-7D3B43D8496E}
	EndGlobalSection
EndGlobal
